github.com/cenkalti/backoff v1.1.0 h1:QnvVp8ikKCDWOsFheytRCoYWYPO/ObCTBGxT19Hc+yE=
github.com/cenkalti/backoff v2.2.1+incompatible h1:tNowT99t7UNflLxfYYSlKYsBpXdEet03Pg2g16Swow4=
github.com/cenkalti/backoff v2.2.1+incompatible/go.mod h1:90ReRw6GdpyfrHakVjL/QHaoyV4aDUVVkXQJJJ3NXXM=
gopkg.in/zorkian/go-datadog-api.v2 v2.29.0 h1:S4AsWFkQ6JDG7WZfYk6C3EggsO/4IvGUsCfz7I3zjPk=
gopkg.in/zorkian/go-datadog-api.v2 v2.29.0/go.mod h1:kx0CSMRpzEZfx/nFH62GLU4stZjparh/BRpM89t4XCQ=
